// !$*UTF8*$!
{
	archiveVersion = 1;
	classes = {
	};
	objectVersion = 56;
	objects = {

/* Begin PBXBuildFile section */
		4C49F1D32AD04E1700B317F8 /* AppDelegate.swift in Sources */ = {isa = PBXBuildFile; fileRef = 4C49F1D22AD04E1700B317F8 /* AppDelegate.swift */; };
		4C49F1D52AD04E1700B317F8 /* SceneDelegate.swift in Sources */ = {isa = PBXBuildFile; fileRef = 4C49F1D42AD04E1700B317F8 /* SceneDelegate.swift */; };
		4C49F1D72AD04E1700B317F8 /* ViewController.swift in Sources */ = {isa = PBXBuildFile; fileRef = 4C49F1D62AD04E1700B317F8 /* ViewController.swift */; };
		4C49F1DA2AD04E1700B317F8 /* Main.storyboard in Resources */ = {isa = PBXBuildFile; fileRef = 4C49F1D82AD04E1700B317F8 /* Main.storyboard */; };
		4C49F1DD2AD04E1700B317F8 /* class_notes.xcdatamodeld in Sources */ = {isa = PBXBuildFile; fileRef = 4C49F1DB2AD04E1700B317F8 /* class_notes.xcdatamodeld */; };
		4C49F1DF2AD04E1900B317F8 /* Assets.xcassets in Resources */ = {isa = PBXBuildFile; fileRef = 4C49F1DE2AD04E1900B317F8 /* Assets.xcassets */; };
		4C49F1E22AD04E1900B317F8 /* LaunchScreen.storyboard in Resources */ = {isa = PBXBuildFile; fileRef = 4C49F1E02AD04E1900B317F8 /* LaunchScreen.storyboard */; };
		4C49F1ED2AD04E1900B317F8 /* class_notesTests.swift in Sources */ = {isa = PBXBuildFile; fileRef = 4C49F1EC2AD04E1900B317F8 /* class_notesTests.swift */; };
		4C49F1F72AD04E1900B317F8 /* class_notesUITests.swift in Sources */ = {isa = PBXBuildFile; fileRef = 4C49F1F62AD04E1900B317F8 /* class_notesUITests.swift */; };
		4C49F1F92AD04E1900B317F8 /* class_notesUITestsLaunchTests.swift in Sources */ = {isa = PBXBuildFile; fileRef = 4C49F1F82AD04E1900B317F8 /* class_notesUITestsLaunchTests.swift */; };
/* End PBXBuildFile section */

/* Begin PBXContainerItemProxy section */
		4C49F1E92AD04E1900B317F8 /* PBXContainerItemProxy */ = {
			isa = PBXContainerItemProxy;
			containerPortal = 4C49F1C72AD04E1700B317F8 /* Project object */;
			proxyType = 1;
			remoteGlobalIDString = 4C49F1CE2AD04E1700B317F8;
			remoteInfo = "class notes";
		};
		4C49F1F32AD04E1900B317F8 /* PBXContainerItemProxy */ = {
			isa = PBXContainerItemProxy;
			containerPortal = 4C49F1C72AD04E1700B317F8 /* Project object */;
			proxyType = 1;
			remoteGlobalIDString = 4C49F1CE2AD04E1700B317F8;
			remoteInfo = "class notes";
		};
/* End PBXContainerItemProxy section */

/* Begin PBXFileReference section */
		4C49F1CF2AD04E1700B317F8 /* class notes.app */ = {isa = PBXFileReference; explicitFileType = wrapper.application; includeInIndex = 0; path = "class notes.app"; sourceTree = BUILT_PRODUCTS_DIR; };
		4C49F1D22AD04E1700B317F8 /* AppDelegate.swift */ = {isa = PBXFileReference; lastKnownFileType = sourcecode.swift; path = AppDelegate.swift; sourceTree = "<group>"; };
		4C49F1D42AD04E1700B317F8 /* SceneDelegate.swift */ = {isa = PBXFileReference; lastKnownFileType = sourcecode.swift; path = SceneDelegate.swift; sourceTree = "<group>"; };
		4C49F1D62AD04E1700B317F8 /* ViewController.swift */ = {isa = PBXFileReference; lastKnownFileType = sourcecode.swift; path = ViewController.swift; sourceTree = "<group>"; };
		4C49F1D92AD04E1700B317F8 /* Base */ = {isa = PBXFileReference; lastKnownFileType = file.storyboard; name = Base; path = Base.lproj/Main.storyboard; sourceTree = "<group>"; };
		4C49F1DC2AD04E1700B317F8 /* class_notes.xcdatamodel */ = {isa = PBXFileReference; lastKnownFileType = wrapper.xcdatamodel; path = class_notes.xcdatamodel; sourceTree = "<group>"; };
		4C49F1DE2AD04E1900B317F8 /* Assets.xcassets */ = {isa = PBXFileReference; lastKnownFileType = folder.assetcatalog; path = Assets.xcassets; sourceTree = "<group>"; };
		4C49F1E12AD04E1900B317F8 /* Base */ = {isa = PBXFileReference; lastKnownFileType = file.storyboard; name = Base; path = Base.lproj/LaunchScreen.storyboard; sourceTree = "<group>"; };
		4C49F1E32AD04E1900B317F8 /* Info.plist */ = {isa = PBXFileReference; lastKnownFileType = text.plist.xml; path = Info.plist; sourceTree = "<group>"; };
		4C49F1E82AD04E1900B317F8 /* class notesTests.xctest */ = {isa = PBXFileReference; explicitFileType = wrapper.cfbundle; includeInIndex = 0; path = "class notesTests.xctest"; sourceTree = BUILT_PRODUCTS_DIR; };
		4C49F1EC2AD04E1900B317F8 /* class_notesTests.swift */ = {isa = PBXFileReference; lastKnownFileType = sourcecode.swift; path = class_notesTests.swift; sourceTree = "<group>"; };
		4C49F1F22AD04E1900B317F8 /* class notesUITests.xctest */ = {isa = PBXFileReference; explicitFileType = wrapper.cfbundle; includeInIndex = 0; path = "class notesUITests.xctest"; sourceTree = BUILT_PRODUCTS_DIR; };
		4C49F1F62AD04E1900B317F8 /* class_notesUITests.swift */ = {isa = PBXFileReference; lastKnownFileType = sourcecode.swift; path = class_notesUITests.swift; sourceTree = "<group>"; };
		4C49F1F82AD04E1900B317F8 /* class_notesUITestsLaunchTests.swift */ = {isa = PBXFileReference; lastKnownFileType = sourcecode.swift; path = class_notesUITestsLaunchTests.swift; sourceTree = "<group>"; };
/* End PBXFileReference section */

/* Begin PBXFrameworksBuildPhase section */
		4C49F1CC2AD04E1700B317F8 /* Frameworks */ = {
			isa = PBXFrameworksBuildPhase;
			buildActionMask = 2147483647;
			files = (
			);
			runOnlyForDeploymentPostprocessing = 0;
		};
		4C49F1E52AD04E1900B317F8 /* Frameworks */ = {
			isa = PBXFrameworksBuildPhase;
			buildActionMask = 2147483647;
			files = (
			);
			runOnlyForDeploymentPostprocessing = 0;
		};
		4C49F1EF2AD04E1900B317F8 /* Frameworks */ = {
			isa = PBXFrameworksBuildPhase;
			buildActionMask = 2147483647;
			files = (
			);
			runOnlyForDeploymentPostprocessing = 0;
		};
/* End PBXFrameworksBuildPhase section */

/* Begin PBXGroup section */
		4C49F1C62AD04E1700B317F8 = {
			isa = PBXGroup;
			children = (
				4C49F1D12AD04E1700B317F8 /* class notes */,
				4C49F1EB2AD04E1900B317F8 /* class notesTests */,
				4C49F1F52AD04E1900B317F8 /* class notesUITests */,
				4C49F1D02AD04E1700B317F8 /* Products */,
			);
			sourceTree = "<group>";
		};
		4C49F1D02AD04E1700B317F8 /* Products */ = {
			isa = PBXGroup;
			children = (
				4C49F1CF2AD04E1700B317F8 /* class notes.app */,
				4C49F1E82AD04E1900B317F8 /* class notesTests.xctest */,
				4C49F1F22AD04E1900B317F8 /* class notesUITests.xctest */,
			);
			name = Products;
			sourceTree = "<group>";
		};
		4C49F1D12AD04E1700B317F8 /* class notes */ = {
			isa = PBXGroup;
			children = (
				4C49F1D22AD04E1700B317F8 /* AppDelegate.swift */,
				4C49F1D42AD04E1700B317F8 /* SceneDelegate.swift */,
				4C49F1D62AD04E1700B317F8 /* ViewController.swift */,
				4C49F1D82AD04E1700B317F8 /* Main.storyboard */,
				4C49F1DE2AD04E1900B317F8 /* Assets.xcassets */,
				4C49F1E02AD04E1900B317F8 /* LaunchScreen.storyboard */,
				4C49F1E32AD04E1900B317F8 /* Info.plist */,
				4C49F1DB2AD04E1700B317F8 /* class_notes.xcdatamodeld */,
			);
			path = "class notes";
			sourceTree = "<group>";
		};
		4C49F1EB2AD04E1900B317F8 /* class notesTests */ = {
			isa = PBXGroup;
			children = (
				4C49F1EC2AD04E1900B317F8 /* class_notesTests.swift */,
			);
			path = "class notesTests";
			sourceTree = "<group>";
		};
		4C49F1F52AD04E1900B317F8 /* class notesUITests */ = {
			isa = PBXGroup;
			children = (
				4C49F1F62AD04E1900B317F8 /* class_notesUITests.swift */,
				4C49F1F82AD04E1900B317F8 /* class_notesUITestsLaunchTests.swift */,
			);
			path = "class notesUITests";
			sourceTree = "<group>";
		};
/* End PBXGroup section */

/* Begin PBXNativeTarget section */
		4C49F1CE2AD04E1700B317F8 /* class notes */ = {
			isa = PBXNativeTarget;
			buildConfigurationList = 4C49F1FC2AD04E1900B317F8 /* Build configuration list for PBXNativeTarget "class notes" */;
			buildPhases = (
				4C49F1CB2AD04E1700B317F8 /* Sources */,
				4C49F1CC2AD04E1700B317F8 /* Frameworks */,
				4C49F1CD2AD04E1700B317F8 /* Resources */,
			);
			buildRules = (
			);
			dependencies = (
			);
			name = "class notes";
			productName = "class notes";
			productReference = 4C49F1CF2AD04E1700B317F8 /* class notes.app */;
			productType = "com.apple.product-type.application";
		};
		4C49F1E72AD04E1900B317F8 /* class notesTests */ = {
			isa = PBXNativeTarget;
			buildConfigurationList = 4C49F1FF2AD04E1900B317F8 /* Build configuration list for PBXNativeTarget "class notesTests" */;
			buildPhases = (
				4C49F1E42AD04E1900B317F8 /* Sources */,
				4C49F1E52AD04E1900B317F8 /* Frameworks */,
				4C49F1E62AD04E1900B317F8 /* Resources */,
			);
			buildRules = (
			);
			dependencies = (
				4C49F1EA2AD04E1900B317F8 /* PBXTargetDependency */,
			);
			name = "class notesTests";
			productName = "class notesTests";
			productReference = 4C49F1E82AD04E1900B317F8 /* class notesTests.xctest */;
			productType = "com.apple.product-type.bundle.unit-test";
		};
		4C49F1F12AD04E1900B317F8 /* class notesUITests */ = {
			isa = PBXNativeTarget;
			buildConfigurationList = 4C49F2022AD04E1900B317F8 /* Build configuration list for PBXNativeTarget "class notesUITests" */;
			buildPhases = (
				4C49F1EE2AD04E1900B317F8 /* Sources */,
				4C49F1EF2AD04E1900B317F8 /* Frameworks */,
				4C49F1F02AD04E1900B317F8 /* Resources */,
			);
			buildRules = (
			);
			dependencies = (
				4C49F1F42AD04E1900B317F8 /* PBXTargetDependency */,
			);
			name = "class notesUITests";
			productName = "class notesUITests";
			productReference = 4C49F1F22AD04E1900B317F8 /* class notesUITests.xctest */;
			productType = "com.apple.product-type.bundle.ui-testing";
		};
/* End PBXNativeTarget section */

/* Begin PBXProject section */
		4C49F1C72AD04E1700B317F8 /* Project object */ = {
			isa = PBXProject;
			attributes = {
				BuildIndependentTargetsInParallel = 1;
				LastSwiftUpdateCheck = 1430;
				LastUpgradeCheck = 1430;
				TargetAttributes = {
					4C49F1CE2AD04E1700B317F8 = {
						CreatedOnToolsVersion = 14.3.1;
					};
					4C49F1E72AD04E1900B317F8 = {
						CreatedOnToolsVersion = 14.3.1;
						TestTargetID = 4C49F1CE2AD04E1700B317F8;
					};
					4C49F1F12AD04E1900B317F8 = {
						CreatedOnToolsVersion = 14.3.1;
						TestTargetID = 4C49F1CE2AD04E1700B317F8;
					};
				};
			};
			buildConfigurationList = 4C49F1CA2AD04E1700B317F8 /* Build configuration list for PBXProject "class notes" */;
			compatibilityVersion = "Xcode 14.0";
			developmentRegion = en;
			hasScannedForEncodings = 0;
			knownRegions = (
				en,
				Base,
			);
			mainGroup = 4C49F1C62AD04E1700B317F8;
			productRefGroup = 4C49F1D02AD04E1700B317F8 /* Products */;
			projectDirPath = "";
			projectRoot = "";
			targets = (
				4C49F1CE2AD04E1700B317F8 /* class notes */,
				4C49F1E72AD04E1900B317F8 /* class notesTests */,
				4C49F1F12AD04E1900B317F8 /* class notesUITests */,
			);
		};
/* End PBXProject section */

/* Begin PBXResourcesBuildPhase section */
		4C49F1CD2AD04E1700B317F8 /* Resources */ = {
			isa = PBXResourcesBuildPhase;
			buildActionMask = 2147483647;
			files = (
				4C49F1E22AD04E1900B317F8 /* LaunchScreen.storyboard in Resources */,
				4C49F1DF2AD04E1900B317F8 /* Assets.xcassets in Resources */,
				4C49F1DA2AD04E1700B317F8 /* Main.storyboard in Resources */,
			);
			runOnlyForDeploymentPostprocessing = 0;
		};
		4C49F1E62AD04E1900B317F8 /* Resources */ = {
			isa = PBXResourcesBuildPhase;
			buildActionMask = 2147483647;
			files = (
			);
			runOnlyForDeploymentPostprocessing = 0;
		};
		4C49F1F02AD04E1900B317F8 /* Resources */ = {
			isa = PBXResourcesBuildPhase;
			buildActionMask = 2147483647;
			files = (
			);
			runOnlyForDeploymentPostprocessing = 0;
		};
/* End PBXResourcesBuildPhase section */

/* Begin PBXSourcesBuildPhase section */
		4C49F1CB2AD04E1700B317F8 /* Sources */ = {
			isa = PBXSourcesBuildPhase;
			buildActionMask = 2147483647;
			files = (
				4C49F1D72AD04E1700B317F8 /* ViewController.swift in Sources */,
				4C49F1D32AD04E1700B317F8 /* AppDelegate.swift in Sources */,
				4C49F1DD2AD04E1700B317F8 /* class_notes.xcdatamodeld in Sources */,
				4C49F1D52AD04E1700B317F8 /* SceneDelegate.swift in Sources */,
			);
			runOnlyForDeploymentPostprocessing = 0;
		};
		4C49F1E42AD04E1900B317F8 /* Sources */ = {
			isa = PBXSourcesBuildPhase;
			buildActionMask = 2147483647;
			files = (
				4C49F1ED2AD04E1900B317F8 /* class_notesTests.swift in Sources */,
			);
			runOnlyForDeploymentPostprocessing = 0;
		};
		4C49F1EE2AD04E1900B317F8 /* Sources */ = {
			isa = PBXSourcesBuildPhase;
			buildActionMask = 2147483647;
			files = (
				4C49F1F72AD04E1900B317F8 /* class_notesUITests.swift in Sources */,
				4C49F1F92AD04E1900B317F8 /* class_notesUITestsLaunchTests.swift in Sources */,
			);
			runOnlyForDeploymentPostprocessing = 0;
		};
/* End PBXSourcesBuildPhase section */

/* Begin PBXTargetDependency section */
		4C49F1EA2AD04E1900B317F8 /* PBXTargetDependency */ = {
			isa = PBXTargetDependency;
			target = 4C49F1CE2AD04E1700B317F8 /* class notes */;
			targetProxy = 4C49F1E92AD04E1900B317F8 /* PBXContainerItemProxy */;
		};
		4C49F1F42AD04E1900B317F8 /* PBXTargetDependency */ = {
			isa = PBXTargetDependency;
			target = 4C49F1CE2AD04E1700B317F8 /* class notes */;
			targetProxy = 4C49F1F32AD04E1900B317F8 /* PBXContainerItemProxy */;
		};
/* End PBXTargetDependency section */

/* Begin PBXVariantGroup section */
		4C49F1D82AD04E1700B317F8 /* Main.storyboard */ = {
			isa = PBXVariantGroup;
			children = (
				4C49F1D92AD04E1700B317F8 /* Base */,
			);
			name = Main.storyboard;
			sourceTree = "<group>";
		};
		4C49F1E02AD04E1900B317F8 /* LaunchScreen.storyboard */ = {
			isa = PBXVariantGroup;
			children = (
				4C49F1E12AD04E1900B317F8 /* Base */,
			);
			name = LaunchScreen.storyboard;
			sourceTree = "<group>";
		};
/* End PBXVariantGroup section */

/* Begin XCBuildConfiguration section */
		4C49F1FA2AD04E1900B317F8 /* Debug */ = {
			isa = XCBuildConfiguration;
			buildSettings = {
				ALWAYS_SEARCH_USER_PATHS = NO;
				CLANG_ANALYZER_NONNULL = YES;
				CLANG_ANALYZER_NUMBER_OBJECT_CONVERSION = YES_AGGRESSIVE;
				CLANG_CXX_LANGUAGE_STANDARD = "gnu++20";
				CLANG_ENABLE_MODULES = YES;
				CLANG_ENABLE_OBJC_ARC = YES;
				CLANG_ENABLE_OBJC_WEAK = YES;
				CLANG_WARN_BLOCK_CAPTURE_AUTORELEASING = YES;
				CLANG_WARN_BOOL_CONVERSION = YES;
				CLANG_WARN_COMMA = YES;
				CLANG_WARN_CONSTANT_CONVERSION = YES;
				CLANG_WARN_DEPRECATED_OBJC_IMPLEMENTATIONS = YES;
				CLANG_WARN_DIRECT_OBJC_ISA_USAGE = YES_ERROR;
				CLANG_WARN_DOCUMENTATION_COMMENTS = YES;
				CLANG_WARN_EMPTY_BODY = YES;
				CLANG_WARN_ENUM_CONVERSION = YES;
				CLANG_WARN_INFINITE_RECURSION = YES;
				CLANG_WARN_INT_CONVERSION = YES;
				CLANG_WARN_NON_LITERAL_NULL_CONVERSION = YES;
				CLANG_WARN_OBJC_IMPLICIT_RETAIN_SELF = YES;
				CLANG_WARN_OBJC_LITERAL_CONVERSION = YES;
				CLANG_WARN_OBJC_ROOT_CLASS = YES_ERROR;
				CLANG_WARN_QUOTED_INCLUDE_IN_FRAMEWORK_HEADER = YES;
				CLANG_WARN_RANGE_LOOP_ANALYSIS = YES;
				CLANG_WARN_STRICT_PROTOTYPES = YES;
				CLANG_WARN_SUSPICIOUS_MOVE = YES;
				CLANG_WARN_UNGUARDED_AVAILABILITY = YES_AGGRESSIVE;
				CLANG_WARN_UNREACHABLE_CODE = YES;
				CLANG_WARN__DUPLICATE_METHOD_MATCH = YES;
				COPY_PHASE_STRIP = NO;
				DEBUG_INFORMATION_FORMAT = dwarf;
				ENABLE_STRICT_OBJC_MSGSEND = YES;
				ENABLE_TESTABILITY = YES;
				GCC_C_LANGUAGE_STANDARD = gnu11;
				GCC_DYNAMIC_NO_PIC = NO;
				GCC_NO_COMMON_BLOCKS = YES;
				GCC_OPTIMIZATION_LEVEL = 0;
				GCC_PREPROCESSOR_DEFINITIONS = (
					"DEBUG=1",
					"$(inherited)",
				);
				GCC_WARN_64_TO_32_BIT_CONVERSION = YES;
				GCC_WARN_ABOUT_RETURN_TYPE = YES_ERROR;
				GCC_WARN_UNDECLARED_SELECTOR = YES;
				GCC_WARN_UNINITIALIZED_AUTOS = YES_AGGRESSIVE;
				GCC_WARN_UNUSED_FUNCTION = YES;
				GCC_WARN_UNUSED_VARIABLE = YES;
				IPHONEOS_DEPLOYMENT_TARGET = 16.4;
				MTL_ENABLE_DEBUG_INFO = INCLUDE_SOURCE;
				MTL_FAST_MATH = YES;
				ONLY_ACTIVE_ARCH = YES;
				SDKROOT = iphoneos;
				SWIFT_ACTIVE_COMPILATION_CONDITIONS = DEBUG;
				SWIFT_OPTIMIZATION_LEVEL = "-Onone";
			};
			name = Debug;
		};
		4C49F1FB2AD04E1900B317F8 /* Release */ = {
			isa = XCBuildConfiguration;
			buildSettings = {
				ALWAYS_SEARCH_USER_PATHS = NO;
				CLANG_ANALYZER_NONNULL = YES;
				CLANG_ANALYZER_NUMBER_OBJECT_CONVERSION = YES_AGGRESSIVE;
				CLANG_CXX_LANGUAGE_STANDARD = "gnu++20";
				CLANG_ENABLE_MODULES = YES;
				CLANG_ENABLE_OBJC_ARC = YES;
				CLANG_ENABLE_OBJC_WEAK = YES;
				CLANG_WARN_BLOCK_CAPTURE_AUTORELEASING = YES;
				CLANG_WARN_BOOL_CONVERSION = YES;
				CLANG_WARN_COMMA = YES;
				CLANG_WARN_CONSTANT_CONVERSION = YES;
				CLANG_WARN_DEPRECATED_OBJC_IMPLEMENTATIONS = YES;
				CLANG_WARN_DIRECT_OBJC_ISA_USAGE = YES_ERROR;
				CLANG_WARN_DOCUMENTATION_COMMENTS = YES;
				CLANG_WARN_EMPTY_BODY = YES;
				CLANG_WARN_ENUM_CONVERSION = YES;
				CLANG_WARN_INFINITE_RECURSION = YES;
				CLANG_WARN_INT_CONVERSION = YES;
				CLANG_WARN_NON_LITERAL_NULL_CONVERSION = YES;
				CLANG_WARN_OBJC_IMPLICIT_RETAIN_SELF = YES;
				CLANG_WARN_OBJC_LITERAL_CONVERSION = YES;
				CLANG_WARN_OBJC_ROOT_CLASS = YES_ERROR;
				CLANG_WARN_QUOTED_INCLUDE_IN_FRAMEWORK_HEADER = YES;
				CLANG_WARN_RANGE_LOOP_ANALYSIS = YES;
				CLANG_WARN_STRICT_PROTOTYPES = YES;
				CLANG_WARN_SUSPICIOUS_MOVE = YES;
				CLANG_WARN_UNGUARDED_AVAILABILITY = YES_AGGRESSIVE;
				CLANG_WARN_UNREACHABLE_CODE = YES;
				CLANG_WARN__DUPLICATE_METHOD_MATCH = YES;
				COPY_PHASE_STRIP = NO;
				DEBUG_INFORMATION_FORMAT = "dwarf-with-dsym";
				ENABLE_NS_ASSERTIONS = NO;
				ENABLE_STRICT_OBJC_MSGSEND = YES;
				GCC_C_LANGUAGE_STANDARD = gnu11;
				GCC_NO_COMMON_BLOCKS = YES;
				GCC_WARN_64_TO_32_BIT_CONVERSION = YES;
				GCC_WARN_ABOUT_RETURN_TYPE = YES_ERROR;
				GCC_WARN_UNDECLARED_SELECTOR = YES;
				GCC_WARN_UNINITIALIZED_AUTOS = YES_AGGRESSIVE;
				GCC_WARN_UNUSED_FUNCTION = YES;
				GCC_WARN_UNUSED_VARIABLE = YES;
				IPHONEOS_DEPLOYMENT_TARGET = 16.4;
				MTL_ENABLE_DEBUG_INFO = NO;
				MTL_FAST_MATH = YES;
				SDKROOT = iphoneos;
				SWIFT_COMPILATION_MODE = wholemodule;
				SWIFT_OPTIMIZATION_LEVEL = "-O";
				VALIDATE_PRODUCT = YES;
			};
			name = Release;
		};
		4C49F1FD2AD04E1900B317F8 /* Debug */ = {
			isa = XCBuildConfiguration;
			buildSettings = {
				ASSETCATALOG_COMPILER_APPICON_NAME = AppIcon;
				ASSETCATALOG_COMPILER_GLOBAL_ACCENT_COLOR_NAME = AccentColor;
				CODE_SIGN_STYLE = Automatic;
				CURRENT_PROJECT_VERSION = 1;
				DEVELOPMENT_TEAM = 35JGHH6ZTT;
				GENERATE_INFOPLIST_FILE = YES;
				INFOPLIST_FILE = "class notes/Info.plist";
				INFOPLIST_KEY_UIApplicationSupportsIndirectInputEvents = YES;
				INFOPLIST_KEY_UILaunchStoryboardName = LaunchScreen;
				INFOPLIST_KEY_UIMainStoryboardFile = Main;
				INFOPLIST_KEY_UISupportedInterfaceOrientations_iPad = "UIInterfaceOrientationPortrait UIInterfaceOrientationPortraitUpsideDown UIInterfaceOrientationLandscapeLeft UIInterfaceOrientationLandscapeRight";
				INFOPLIST_KEY_UISupportedInterfaceOrientations_iPhone = "UIInterfaceOrientationPortrait UIInterfaceOrientationLandscapeLeft UIInterfaceOrientationLandscapeRight";
				LD_RUNPATH_SEARCH_PATHS = (
					"$(inherited)",
					"@executable_path/Frameworks",
				);
				MARKETING_VERSION = 1.0;
				PRODUCT_BUNDLE_IDENTIFIER = "clc.class-notes";
				PRODUCT_NAME = "$(TARGET_NAME)";
				SWIFT_EMIT_LOC_STRINGS = YES;
				SWIFT_VERSION = 5.0;
				TARGETED_DEVICE_FAMILY = "1,2";
			};
			name = Debug;
		};
		4C49F1FE2AD04E1900B317F8 /* Release */ = {
			isa = XCBuildConfiguration;
			buildSettings = {
				ASSETCATALOG_COMPILER_APPICON_NAME = AppIcon;
				ASSETCATALOG_COMPILER_GLOBAL_ACCENT_COLOR_NAME = AccentColor;
				CODE_SIGN_STYLE = Automatic;
				CURRENT_PROJECT_VERSION = 1;
				DEVELOPMENT_TEAM = 35JGHH6ZTT;
				GENERATE_INFOPLIST_FILE = YES;
				INFOPLIST_FILE = "class notes/Info.plist";
				INFOPLIST_KEY_UIApplicationSupportsIndirectInputEvents = YES;
				INFOPLIST_KEY_UILaunchStoryboardName = LaunchScreen;
				INFOPLIST_KEY_UIMainStoryboardFile = Main;
				INFOPLIST_KEY_UISupportedInterfaceOrientations_iPad = "UIInterfaceOrientationPortrait UIInterfaceOrientationPortraitUpsideDown UIInterfaceOrientationLandscapeLeft UIInterfaceOrientationLandscapeRight";
				INFOPLIST_KEY_UISupportedInterfaceOrientations_iPhone = "UIInterfaceOrientationPortrait UIInterfaceOrientationLandscapeLeft UIInterfaceOrientationLandscapeRight";
				LD_RUNPATH_SEARCH_PATHS = (
					"$(inherited)",
					"@executable_path/Frameworks",
				);
				MARKETING_VERSION = 1.0;
				PRODUCT_BUNDLE_IDENTIFIER = "clc.class-notes";
				PRODUCT_NAME = "$(TARGET_NAME)";
				SWIFT_EMIT_LOC_STRINGS = YES;
				SWIFT_VERSION = 5.0;
				TARGETED_DEVICE_FAMILY = "1,2";
			};
			name = Release;
		};
		4C49F2002AD04E1900B317F8 /* Debug */ = {
			isa = XCBuildConfiguration;
			buildSettings = {
				ALWAYS_EMBED_SWIFT_STANDARD_LIBRARIES = YES;
				BUNDLE_LOADER = "$(TEST_HOST)";
				CODE_SIGN_STYLE = Automatic;
				CURRENT_PROJECT_VERSION = 1;
				DEVELOPMENT_TEAM = 35JGHH6ZTT;
				GENERATE_INFOPLIST_FILE = YES;
				IPHONEOS_DEPLOYMENT_TARGET = 16.4;
				MARKETING_VERSION = 1.0;
				PRODUCT_BUNDLE_IDENTIFIER = "clc.class-notesTests";
				PRODUCT_NAME = "$(TARGET_NAME)";
				SWIFT_EMIT_LOC_STRINGS = NO;
				SWIFT_VERSION = 5.0;
				TARGETED_DEVICE_FAMILY = "1,2";
				TEST_HOST = "$(BUILT_PRODUCTS_DIR)/class notes.app/$(BUNDLE_EXECUTABLE_FOLDER_PATH)/class notes";
			};
			name = Debug;
		};
		4C49F2012AD04E1900B317F8 /* Release */ = {
			isa = XCBuildConfiguration;
			buildSettings = {
				ALWAYS_EMBED_SWIFT_STANDARD_LIBRARIES = YES;
				BUNDLE_LOADER = "$(TEST_HOST)";
				CODE_SIGN_STYLE = Automatic;
				CURRENT_PROJECT_VERSION = 1;
				DEVELOPMENT_TEAM = 35JGHH6ZTT;
				GENERATE_INFOPLIST_FILE = YES;
				IPHONEOS_DEPLOYMENT_TARGET = 16.4;
				MARKETING_VERSION = 1.0;
				PRODUCT_BUNDLE_IDENTIFIER = "clc.class-notesTests";
				PRODUCT_NAME = "$(TARGET_NAME)";
				SWIFT_EMIT_LOC_STRINGS = NO;
				SWIFT_VERSION = 5.0;
				TARGETED_DEVICE_FAMILY = "1,2";
				TEST_HOST = "$(BUILT_PRODUCTS_DIR)/class notes.app/$(BUNDLE_EXECUTABLE_FOLDER_PATH)/class notes";
			};
			name = Release;
		};
		4C49F2032AD04E1900B317F8 /* Debug */ = {
			isa = XCBuildConfiguration;
			buildSettings = {
				ALWAYS_EMBED_SWIFT_STANDARD_LIBRARIES = YES;
				CODE_SIGN_STYLE = Automatic;
				CURRENT_PROJECT_VERSION = 1;
				DEVELOPMENT_TEAM = 35JGHH6ZTT;
				GENERATE_INFOPLIST_FILE = YES;
				MARKETING_VERSION = 1.0;
				PRODUCT_BUNDLE_IDENTIFIER = "clc.class-notesUITests";
				PRODUCT_NAME = "$(TARGET_NAME)";
				SWIFT_EMIT_LOC_STRINGS = NO;
				SWIFT_VERSION = 5.0;
				TARGETED_DEVICE_FAMILY = "1,2";
				TEST_TARGET_NAME = "class notes";
			};
			name = Debug;
		};
		4C49F2042AD04E1900B317F8 /* Release */ = {
			isa = XCBuildConfiguration;
			buildSettings = {
				ALWAYS_EMBED_SWIFT_STANDARD_LIBRARIES = YES;
				CODE_SIGN_STYLE = Automatic;
				CURRENT_PROJECT_VERSION = 1;
				DEVELOPMENT_TEAM = 35JGHH6ZTT;
				GENERATE_INFOPLIST_FILE = YES;
				MARKETING_VERSION = 1.0;
				PRODUCT_BUNDLE_IDENTIFIER = "clc.class-notesUITests";
				PRODUCT_NAME = "$(TARGET_NAME)";
				SWIFT_EMIT_LOC_STRINGS = NO;
				SWIFT_VERSION = 5.0;
				TARGETED_DEVICE_FAMILY = "1,2";
				TEST_TARGET_NAME = "class notes";
			};
			name = Release;
		};
/* End XCBuildConfiguration section */

/* Begin XCConfigurationList section */
		4C49F1CA2AD04E1700B317F8 /* Build configuration list for PBXProject "class notes" */ = {
			isa = XCConfigurationList;
			buildConfigurations = (
				4C49F1FA2AD04E1900B317F8 /* Debug */,
				4C49F1FB2AD04E1900B317F8 /* Release */,
			);
			defaultConfigurationIsVisible = 0;
			defaultConfigurationName = Release;
		};
		4C49F1FC2AD04E1900B317F8 /* Build configuration list for PBXNativeTarget "class notes" */ = {
			isa = XCConfigurationList;
			buildConfigurations = (
				4C49F1FD2AD04E1900B317F8 /* Debug */,
				4C49F1FE2AD04E1900B317F8 /* Release */,
			);
			defaultConfigurationIsVisible = 0;
			defaultConfigurationName = Release;
		};
		4C49F1FF2AD04E1900B317F8 /* Build configuration list for PBXNativeTarget "class notesTests" */ = {
			isa = XCConfigurationList;
			buildConfigurations = (
				4C49F2002AD04E1900B317F8 /* Debug */,
				4C49F2012AD04E1900B317F8 /* Release */,
			);
			defaultConfigurationIsVisible = 0;
			defaultConfigurationName = Release;
		};
		4C49F2022AD04E1900B317F8 /* Build configuration list for PBXNativeTarget "class notesUITests" */ = {
			isa = XCConfigurationList;
			buildConfigurations = (
				4C49F2032AD04E1900B317F8 /* Debug */,
				4C49F2042AD04E1900B317F8 /* Release */,
			);
			defaultConfigurationIsVisible = 0;
			defaultConfigurationName = Release;
		};
/* End XCConfigurationList section */

/* Begin XCVersionGroup section */
		4C49F1DB2AD04E1700B317F8 /* class_notes.xcdatamodeld */ = {
			isa = XCVersionGroup;
			children = (
				4C49F1DC2AD04E1700B317F8 /* class_notes.xcdatamodel */,
			);
			currentVersion = 4C49F1DC2AD04E1700B317F8 /* class_notes.xcdatamodel */;
			path = class_notes.xcdatamodeld;
			sourceTree = "<group>";
			versionGroupType = wrapper.xcdatamodel;
		};
/* End XCVersionGroup section */
	};
	rootObject = 4C49F1C72AD04E1700B317F8 /* Project object */;
}
